<?xml version="1.0" encoding="utf-8"?>
<Project ToolsVersion="4.0" xmlns="http://schemas.microsoft.com/developer/msbuild/2003">
  <ItemGroup>
    <Filter Include="Source Files">
      <UniqueIdentifier>{4FC737F1-C7A5-4376-A066-2A32D752A2FF}</UniqueIdentifier>
      <Extensions>cpp;c;cc;cxx;def;odl;idl;hpj;bat;asm;asmx</Extensions>
    </Filter>
    <Filter Include="Header Files">
      <UniqueIdentifier>{93995380-89BD-4b04-88EB-625FBE52EBFB}</UniqueIdentifier>
      <Extensions>h;hpp;hxx;hm;inl;inc;xsd</Extensions>
    </Filter>
    <Filter Include="Resource Files">
      <UniqueIdentifier>{67DA6AB6-F800-4c08-8B7A-83BB121AAD01}</UniqueIdentifier>
      <Extensions>rc;ico;cur;bmp;dlg;rc2;rct;bin;rgs;gif;jpg;jpeg;jpe;resx;tiff;tif;png;wav</Extensions>
    </Filter>
    <Filter Include="Blocks">
      <UniqueIdentifier>{67D80FB9-43A2-4C49-A963-CC4888B1249A}</UniqueIdentifier>
    </Filter>
    <Filter Include="Blocks\Cairo">
      <UniqueIdentifier>{E3BEC954-189C-489F-823F-4A6C11985287}</UniqueIdentifier>
    </Filter>
    <Filter Include="Blocks\Cairo\src">
      <UniqueIdentifier>{49792A1F-311F-46AF-9FB2-0F796380F08A}</UniqueIdentifier>
    </Filter>
    <Filter Include="Blocks\Cairo\include">
      <UniqueIdentifier>{55CB0C95-7F41-42A0-B299-60D4005E1C1F}</UniqueIdentifier>
    </Filter>
    <Filter Include="Blocks\Cairo\include\cinder">
      <UniqueIdentifier>{004B3F5E-581A-4DEE-9C6A-8F1CE2890FC8}</UniqueIdentifier>
    </Filter>
    <Filter Include="Blocks\Cairo\include\cinder\cairo">
      <UniqueIdentifier>{9BBF9B4B-BFB0-4AA2-88B3-5CB33FC91CFA}</UniqueIdentifier>
    </Filter>
  </ItemGroup>
  <ItemGroup>
    <ClCompile Include="..\src\CinderProjectApp.cpp">
      <Filter>Source Files</Filter>
    </ClCompile>
    <ClCompile Include="..\src\CinderProjectApp.cpp">
      <Filter>Source Files</Filter>
    </ClCompile>
    <ClCompile Include="..\src\stdafx.cpp">
      <Filter>Source Files</Filter>
    </ClCompile>
    <ClCompile Include="E:\My Projects\cinder_0.8.5_vc2012\blocks\Cairo\src\Cairo.cpp">
      <Filter>Source Files</Filter>
    </ClCompile>
  </ItemGroup>
  <ItemGroup>
    <ClInclude Include="..\src\stdafx.h">
      <Filter>Header Files</Filter>
    </ClInclude>
    <ClInclude Include="..\src\Resources.h">
      <Filter>Header Files</Filter>
    </ClInclude>
    <ClInclude Include="E:\My Projects\cinder_0.8.5_vc2012\blocks\Cairo\include\cinder\cairo\Cairo.h">
      <Filter>Header Files</Filter>
    </ClInclude>
  </ItemGroup>
  <ItemGroup>
    <ResourceCompile Include="Resources.rc">
      <Filter>Resource Files</Filter>
    </ResourceCompile>
  </ItemGroup>
</Project>